
Microsoft Visual Studio Solution File, Format Version 12.00
# Visual Studio Version 17
VisualStudioVersion = 17.1.32407.343
MinimumVisualStudioVersion = 10.0.40219.1
Project("{FAE04EC0-301F-11D3-BF4B-00C04F79EFBC}") = "翻译", "翻译\翻译.csproj", "{EE7701E8-8A4C-46CE-8FEB-0D411636BE26}"
EndProject
Global
	GlobalSection(SolutionConfigurationPlatforms) = preSolution
		Debug|Any CPU = Debug|Any CPU
		Release|Any CPU = Release|Any CPU
	EndGlobalSection
	GlobalSection(ProjectConfigurationPlatforms) = postSolution
		{EE7701E8-8A4C-46CE-8FEB-0D411636BE26}.Debug|Any CPU.ActiveCfg = Debug|Any CPU
		{EE7701E8-8A4C-46CE-8FEB-0D411636BE26}.Debug|Any CPU.Build.0 = Debug|Any CPU
		{EE7701E8-8A4C-46CE-8FEB-0D411636BE26}.Release|Any CPU.ActiveCfg = Release|Any CPU
		{EE7701E8-8A4C-46CE-8FEB-0D411636BE26}.Release|Any CPU.Build.0 = Release|Any CPU
	EndGlobalSection
	GlobalSection(SolutionProperties) = preSolution
		HideSolutionNode = FALSE
	EndGlobalSection
	GlobalSection(ExtensibilityGlobals) = postSolution
		SolutionGuid = {6333D0FF-85D3-41D6-9CA9-494263A4604B}
	EndGlobalSection
EndGlobal
